
Microsoft Visual Studio Solution File, Format Version 12.00
# Visual Studio Version 17
VisualStudioVersion = 17.10.35013.160
MinimumVisualStudioVersion = 10.0.40219.1
Project("{FAE04EC0-301F-11D3-BF4B-00C04F79EFBC}") = "WeddingPlanner_APICreation", "WeddingPlanner_APICreation.csproj", "{CB1A4F6D-44E6-4FBF-81E8-35B86DEB319A}"
EndProject
Global
	GlobalSection(SolutionConfigurationPlatforms) = preSolution
		Debug|Any CPU = Debug|Any CPU
		Release|Any CPU = Release|Any CPU
	EndGlobalSection
	GlobalSection(ProjectConfigurationPlatforms) = postSolution
		{CB1A4F6D-44E6-4FBF-81E8-35B86DEB319A}.Debug|Any CPU.ActiveCfg = Debug|Any CPU
		{CB1A4F6D-44E6-4FBF-81E8-35B86DEB319A}.Debug|Any CPU.Build.0 = Debug|Any CPU
		{CB1A4F6D-44E6-4FBF-81E8-35B86DEB319A}.Release|Any CPU.ActiveCfg = Release|Any CPU
		{CB1A4F6D-44E6-4FBF-81E8-35B86DEB319A}.Release|Any CPU.Build.0 = Release|Any CPU
	EndGlobalSection
	GlobalSection(SolutionProperties) = preSolution
		HideSolutionNode = FALSE
	EndGlobalSection
	GlobalSection(ExtensibilityGlobals) = postSolution
		SolutionGuid = {F5DEAFAC-E2F7-48BA-8FFA-C20E74A9AA38}
	EndGlobalSection
EndGlobal
