
Microsoft Visual Studio Solution File, Format Version 12.00
# Visual Studio Version 17
VisualStudioVersion = 17.10.35013.160
MinimumVisualStudioVersion = 10.0.40219.1
Project("{FAE04EC0-301F-11D3-BF4B-00C04F79EFBC}") = "WeddingPlanner_APIConsume", "WeddingPlanner_APIConsume.csproj", "{BF76F7AB-9C66-4BBC-832C-C9607052E41B}"
EndProject
Global
	GlobalSection(SolutionConfigurationPlatforms) = preSolution
		Debug|Any CPU = Debug|Any CPU
		Release|Any CPU = Release|Any CPU
	EndGlobalSection
	GlobalSection(ProjectConfigurationPlatforms) = postSolution
		{BF76F7AB-9C66-4BBC-832C-C9607052E41B}.Debug|Any CPU.ActiveCfg = Debug|Any CPU
		{BF76F7AB-9C66-4BBC-832C-C9607052E41B}.Debug|Any CPU.Build.0 = Debug|Any CPU
		{BF76F7AB-9C66-4BBC-832C-C9607052E41B}.Release|Any CPU.ActiveCfg = Release|Any CPU
		{BF76F7AB-9C66-4BBC-832C-C9607052E41B}.Release|Any CPU.Build.0 = Release|Any CPU
	EndGlobalSection
	GlobalSection(SolutionProperties) = preSolution
		HideSolutionNode = FALSE
	EndGlobalSection
	GlobalSection(ExtensibilityGlobals) = postSolution
		SolutionGuid = {35E8473E-67CA-4091-B8BE-4F4200C03156}
	EndGlobalSection
EndGlobal
